
Microsoft Visual Studio Solution File, Format Version 12.00
# Visual Studio Version 17
VisualStudioVersion = 17.0.31912.275
MinimumVisualStudioVersion = 10.0.40219.1
Project("{2150E333-8FDC-42A3-9474-1A3956D46DE8}") = "Services", "Services", "{E53EA4BC-F869-4357-BC27-78BB9DF50CC4}"
EndProject
Project("{2150E333-8FDC-42A3-9474-1A3956D46DE8}") = "WebApps", "WebApps", "{402FD22D-BE77-4E01-8800-515AE5EFA8F3}"
EndProject
Project("{2150E333-8FDC-42A3-9474-1A3956D46DE8}") = "Registrations", "Registrations", "{19A39FDB-7161-4018-BA89-CFBDDB8F35E5}"
EndProject
Project("{2150E333-8FDC-42A3-9474-1A3956D46DE8}") = "Catalog", "Catalog", "{343762AA-66E6-4145-BE12-718CEE5EACBA}"
EndProject
Project("{2150E333-8FDC-42A3-9474-1A3956D46DE8}") = "Core", "Core", "{CABCB270-158E-4BAD-B6F4-75485EEF886B}"
EndProject
Project("{2150E333-8FDC-42A3-9474-1A3956D46DE8}") = "Invoice", "Invoice", "{965314C3-6188-4DF8-B6E5-0038D111F7DA}"
EndProject
Project("{2150E333-8FDC-42A3-9474-1A3956D46DE8}") = "Payments", "Payments", "{36E44756-FD9E-42AD-AE50-B952EAAF5AE8}"
EndProject
Project("{2150E333-8FDC-42A3-9474-1A3956D46DE8}") = "Sales", "Sales", "{27A53620-1389-4507-A5AC-312274B88466}"
EndProject
Project("{9A19103F-16F7-4668-BE54-9A1E7A4F7556}") = "NerdStore.Catalog.Domain", "src\NerdStore.Catalog.Domain\NerdStore.Catalog.Domain.csproj", "{271709ED-2693-4F25-A7FE-9699EBF886DF}"
EndProject
Project("{9A19103F-16F7-4668-BE54-9A1E7A4F7556}") = "NerdStore.Core", "src\NerdStore.Core\NerdStore.Core.csproj", "{B9DE07D8-64D4-4EF7-A7AF-668B7ACF5CF3}"
EndProject
Project("{2150E333-8FDC-42A3-9474-1A3956D46DE8}") = "Tests", "Tests", "{B5A0C5FC-ACB4-47C0-BB4B-63F48AE4694D}"
EndProject
Project("{FAE04EC0-301F-11D3-BF4B-00C04F79EFBC}") = "NerdStore.Catalog.Domain.Tests", "tests\NerdStore.Catalog.Domain.Tests\NerdStore.Catalog.Domain.Tests.csproj", "{48AF9162-457B-44F8-ABAE-088A440289A9}"
EndProject
Project("{FAE04EC0-301F-11D3-BF4B-00C04F79EFBC}") = "NerdStore.Catalog.Data", "src\NerdStore.Catalog.Data\NerdStore.Catalog.Data.csproj", "{67E38B97-A03A-4DE3-9633-4417F09F7F7F}"
EndProject
Project("{FAE04EC0-301F-11D3-BF4B-00C04F79EFBC}") = "NerdStore.Catalog.Application", "src\NerdStore.Catalog.Application\NerdStore.Catalog.Application.csproj", "{9F881439-B47D-4BC7-8B32-7968AB271FD8}"
EndProject
Project("{FAE04EC0-301F-11D3-BF4B-00C04F79EFBC}") = "NerdStore.WebApp.MVC", "src\NerdStore.WebApp.MVC\NerdStore.WebApp.MVC.csproj", "{C4095A0F-A8F8-42EC-BA6E-5824839859F5}"
EndProject
Global
	GlobalSection(SolutionConfigurationPlatforms) = preSolution
		Debug|Any CPU = Debug|Any CPU
		Release|Any CPU = Release|Any CPU
	EndGlobalSection
	GlobalSection(ProjectConfigurationPlatforms) = postSolution
		{271709ED-2693-4F25-A7FE-9699EBF886DF}.Debug|Any CPU.ActiveCfg = Debug|Any CPU
		{271709ED-2693-4F25-A7FE-9699EBF886DF}.Debug|Any CPU.Build.0 = Debug|Any CPU
		{271709ED-2693-4F25-A7FE-9699EBF886DF}.Release|Any CPU.ActiveCfg = Release|Any CPU
		{271709ED-2693-4F25-A7FE-9699EBF886DF}.Release|Any CPU.Build.0 = Release|Any CPU
		{B9DE07D8-64D4-4EF7-A7AF-668B7ACF5CF3}.Debug|Any CPU.ActiveCfg = Debug|Any CPU
		{B9DE07D8-64D4-4EF7-A7AF-668B7ACF5CF3}.Debug|Any CPU.Build.0 = Debug|Any CPU
		{B9DE07D8-64D4-4EF7-A7AF-668B7ACF5CF3}.Release|Any CPU.ActiveCfg = Release|Any CPU
		{B9DE07D8-64D4-4EF7-A7AF-668B7ACF5CF3}.Release|Any CPU.Build.0 = Release|Any CPU
		{48AF9162-457B-44F8-ABAE-088A440289A9}.Debug|Any CPU.ActiveCfg = Debug|Any CPU
		{48AF9162-457B-44F8-ABAE-088A440289A9}.Debug|Any CPU.Build.0 = Debug|Any CPU
		{48AF9162-457B-44F8-ABAE-088A440289A9}.Release|Any CPU.ActiveCfg = Release|Any CPU
		{48AF9162-457B-44F8-ABAE-088A440289A9}.Release|Any CPU.Build.0 = Release|Any CPU
		{67E38B97-A03A-4DE3-9633-4417F09F7F7F}.Debug|Any CPU.ActiveCfg = Debug|Any CPU
		{67E38B97-A03A-4DE3-9633-4417F09F7F7F}.Debug|Any CPU.Build.0 = Debug|Any CPU
		{67E38B97-A03A-4DE3-9633-4417F09F7F7F}.Release|Any CPU.ActiveCfg = Release|Any CPU
		{67E38B97-A03A-4DE3-9633-4417F09F7F7F}.Release|Any CPU.Build.0 = Release|Any CPU
		{9F881439-B47D-4BC7-8B32-7968AB271FD8}.Debug|Any CPU.ActiveCfg = Debug|Any CPU
		{9F881439-B47D-4BC7-8B32-7968AB271FD8}.Debug|Any CPU.Build.0 = Debug|Any CPU
		{9F881439-B47D-4BC7-8B32-7968AB271FD8}.Release|Any CPU.ActiveCfg = Release|Any CPU
		{9F881439-B47D-4BC7-8B32-7968AB271FD8}.Release|Any CPU.Build.0 = Release|Any CPU
		{C4095A0F-A8F8-42EC-BA6E-5824839859F5}.Debug|Any CPU.ActiveCfg = Debug|Any CPU
		{C4095A0F-A8F8-42EC-BA6E-5824839859F5}.Debug|Any CPU.Build.0 = Debug|Any CPU
		{C4095A0F-A8F8-42EC-BA6E-5824839859F5}.Release|Any CPU.ActiveCfg = Release|Any CPU
		{C4095A0F-A8F8-42EC-BA6E-5824839859F5}.Release|Any CPU.Build.0 = Release|Any CPU
	EndGlobalSection
	GlobalSection(SolutionProperties) = preSolution
		HideSolutionNode = FALSE
	EndGlobalSection
	GlobalSection(NestedProjects) = preSolution
		{19A39FDB-7161-4018-BA89-CFBDDB8F35E5} = {E53EA4BC-F869-4357-BC27-78BB9DF50CC4}
		{343762AA-66E6-4145-BE12-718CEE5EACBA} = {E53EA4BC-F869-4357-BC27-78BB9DF50CC4}
		{CABCB270-158E-4BAD-B6F4-75485EEF886B} = {E53EA4BC-F869-4357-BC27-78BB9DF50CC4}
		{965314C3-6188-4DF8-B6E5-0038D111F7DA} = {E53EA4BC-F869-4357-BC27-78BB9DF50CC4}
		{36E44756-FD9E-42AD-AE50-B952EAAF5AE8} = {E53EA4BC-F869-4357-BC27-78BB9DF50CC4}
		{27A53620-1389-4507-A5AC-312274B88466} = {E53EA4BC-F869-4357-BC27-78BB9DF50CC4}
		{271709ED-2693-4F25-A7FE-9699EBF886DF} = {343762AA-66E6-4145-BE12-718CEE5EACBA}
		{B9DE07D8-64D4-4EF7-A7AF-668B7ACF5CF3} = {CABCB270-158E-4BAD-B6F4-75485EEF886B}
		{B5A0C5FC-ACB4-47C0-BB4B-63F48AE4694D} = {343762AA-66E6-4145-BE12-718CEE5EACBA}
		{48AF9162-457B-44F8-ABAE-088A440289A9} = {B5A0C5FC-ACB4-47C0-BB4B-63F48AE4694D}
		{67E38B97-A03A-4DE3-9633-4417F09F7F7F} = {343762AA-66E6-4145-BE12-718CEE5EACBA}
		{9F881439-B47D-4BC7-8B32-7968AB271FD8} = {343762AA-66E6-4145-BE12-718CEE5EACBA}
		{C4095A0F-A8F8-42EC-BA6E-5824839859F5} = {402FD22D-BE77-4E01-8800-515AE5EFA8F3}
	EndGlobalSection
	GlobalSection(ExtensibilityGlobals) = postSolution
		SolutionGuid = {CD60F92C-15A1-4363-8FEF-62458ECD90E2}
	EndGlobalSection
EndGlobal
